
Microsoft Visual Studio Solution File, Format Version 12.00
# Visual Studio Version 17
VisualStudioVersion = 17.3.32901.215
MinimumVisualStudioVersion = 10.0.40219.1
Project("{FAE04EC0-301F-11D3-BF4B-00C04F79EFBC}") = "Veri türleri örnekleri1", "Veri türleri örnekleri1\Veri türleri örnekleri1.csproj", "{433E693C-E8DF-4301-9D85-98A06E4DAB5A}"
EndProject
Global
	GlobalSection(SolutionConfigurationPlatforms) = preSolution
		Debug|Any CPU = Debug|Any CPU
		Release|Any CPU = Release|Any CPU
	EndGlobalSection
	GlobalSection(ProjectConfigurationPlatforms) = postSolution
		{433E693C-E8DF-4301-9D85-98A06E4DAB5A}.Debug|Any CPU.ActiveCfg = Debug|Any CPU
		{433E693C-E8DF-4301-9D85-98A06E4DAB5A}.Debug|Any CPU.Build.0 = Debug|Any CPU
		{433E693C-E8DF-4301-9D85-98A06E4DAB5A}.Release|Any CPU.ActiveCfg = Release|Any CPU
		{433E693C-E8DF-4301-9D85-98A06E4DAB5A}.Release|Any CPU.Build.0 = Release|Any CPU
	EndGlobalSection
	GlobalSection(SolutionProperties) = preSolution
		HideSolutionNode = FALSE
	EndGlobalSection
	GlobalSection(ExtensibilityGlobals) = postSolution
		SolutionGuid = {23635296-C5AB-4130-8C6A-E631D8E942E2}
	EndGlobalSection
EndGlobal
